// !$*UTF8*$!
{
	archiveVersion = 1;
	classes = {
	};
	objectVersion = 46;
	objects = {

/* Begin PBXBuildFile section */
		E97289171C3C97F500747436 /* AppDelegate.m in Sources */ = {isa = PBXBuildFile; fileRef = E97289111C3C97F500747436 /* AppDelegate.m */; };
		E97289181C3C97F500747436 /* MainMenu.xib in Resources */ = {isa = PBXBuildFile; fileRef = E97289131C3C97F500747436 /* MainMenu.xib */; };
		E972891A1C3C97F500747436 /* main.m in Sources */ = {isa = PBXBuildFile; fileRef = E97289161C3C97F500747436 /* main.m */; };
/* End PBXBuildFile section */

/* Begin PBXFileReference section */
		9398FC4FD953C53B33C7298F /* QuickLookTest.app */ = {isa = PBXFileReference; explicitFileType = wrapper.application; includeInIndex = 0; path = QuickLookTest.app; sourceTree = BUILT_PRODUCTS_DIR; };
		E97289101C3C97F500747436 /* AppDelegate.h */ = {isa = PBXFileReference; fileEncoding = 4; lastKnownFileType = sourcecode.c.h; path = AppDelegate.h; sourceTree = "<group>"; };
		E97289111C3C97F500747436 /* AppDelegate.m */ = {isa = PBXFileReference; fileEncoding = 4; lastKnownFileType = sourcecode.c.objc; path = AppDelegate.m; sourceTree = "<group>"; };
		E97289131C3C97F500747436 /* MainMenu.xib */ = {isa = PBXFileReference; fileEncoding = 4; lastKnownFileType = file.xib; path = MainMenu.xib; sourceTree = "<group>"; };
		E97289151C3C97F500747436 /* Info.plist */ = {isa = PBXFileReference; fileEncoding = 4; lastKnownFileType = text.plist.xml; path = Info.plist; sourceTree = "<group>"; };
		E97289161C3C97F500747436 /* main.m */ = {isa = PBXFileReference; fileEncoding = 4; lastKnownFileType = sourcecode.c.objc; path = main.m; sourceTree = "<group>"; };
/* End PBXFileReference section */

/* Begin PBXFrameworksBuildPhase section */
		9398F3DB31210F2AD625F1C5 /* Frameworks */ = {
			isa = PBXFrameworksBuildPhase;
			buildActionMask = 2147483647;
			files = (
			);
			runOnlyForDeploymentPostprocessing = 0;
		};
/* End PBXFrameworksBuildPhase section */

/* Begin PBXGroup section */
		9398F152112AA79D1462CAB7 = {
			isa = PBXGroup;
			children = (
				E972890F1C3C97F500747436 /* Classes */,
				E97289121C3C97F500747436 /* Resources */,
				E97289141C3C97F500747436 /* Supporting files */,
				9398FFB5C24674E15097F928 /* Products */,
			);
			sourceTree = "<group>";
		};
		9398FFB5C24674E15097F928 /* Products */ = {
			isa = PBXGroup;
			children = (
				9398FC4FD953C53B33C7298F /* QuickLookTest.app */,
			);
			name = Products;
			sourceTree = "<group>";
		};
		E972890F1C3C97F500747436 /* Classes */ = {
			isa = PBXGroup;
			children = (
				E97289101C3C97F500747436 /* AppDelegate.h */,
				E97289111C3C97F500747436 /* AppDelegate.m */,
			);
			path = Classes;
			sourceTree = "<group>";
		};
		E97289121C3C97F500747436 /* Resources */ = {
			isa = PBXGroup;
			children = (
				E97289131C3C97F500747436 /* MainMenu.xib */,
			);
			path = Resources;
			sourceTree = "<group>";
		};
		E97289141C3C97F500747436 /* Supporting files */ = {
			isa = PBXGroup;
			children = (
				E97289151C3C97F500747436 /* Info.plist */,
				E97289161C3C97F500747436 /* main.m */,
			);
			path = "Supporting files";
			sourceTree = "<group>";
		};
/* End PBXGroup section */

/* Begin PBXNativeTarget section */
		9398F13CC7D60601116540A1 /* QuickLookTest */ = {
			isa = PBXNativeTarget;
			buildConfigurationList = 9398F7FB4A3AD923A8B82787 /* Build configuration list for PBXNativeTarget "QuickLookTest" */;
			buildPhases = (
				9398FBA3FD503149F3BCF6A7 /* Sources */,
				9398F3DB31210F2AD625F1C5 /* Frameworks */,
				9398FE6B346659501B82B84E /* Resources */,
			);
			buildRules = (
			);
			dependencies = (
			);
			name = QuickLookTest;
			productName = QuickLookTest;
			productReference = 9398FC4FD953C53B33C7298F /* QuickLookTest.app */;
			productType = "com.apple.product-type.application";
		};
/* End PBXNativeTarget section */

/* Begin PBXProject section */
		9398FE742235113643E1AB17 /* Project object */ = {
			isa = PBXProject;
			attributes = {
				ORGANIZATIONNAME = Widerwille;
			};
			buildConfigurationList = 9398F449CB0E2DBD463B168A /* Build configuration list for PBXProject "QuickLookTest" */;
			compatibilityVersion = "Xcode 3.2";
			developmentRegion = English;
			hasScannedForEncodings = 0;
			knownRegions = (
				en,
			);
			mainGroup = 9398F152112AA79D1462CAB7;
			productRefGroup = 9398FFB5C24674E15097F928 /* Products */;
			projectDirPath = "";
			projectRoot = "";
			targets = (
				9398F13CC7D60601116540A1 /* QuickLookTest */,
			);
		};
/* End PBXProject section */

/* Begin PBXResourcesBuildPhase section */
		9398FE6B346659501B82B84E /* Resources */ = {
			isa = PBXResourcesBuildPhase;
			buildActionMask = 2147483647;
			files = (
				E97289181C3C97F500747436 /* MainMenu.xib in Resources */,
			);
			runOnlyForDeploymentPostprocessing = 0;
		};
/* End PBXResourcesBuildPhase section */

/* Begin PBXSourcesBuildPhase section */
		9398FBA3FD503149F3BCF6A7 /* Sources */ = {
			isa = PBXSourcesBuildPhase;
			buildActionMask = 2147483647;
			files = (
				E972891A1C3C97F500747436 /* main.m in Sources */,
				E97289171C3C97F500747436 /* AppDelegate.m in Sources */,
			);
			runOnlyForDeploymentPostprocessing = 0;
		};
/* End PBXSourcesBuildPhase section */

/* Begin XCBuildConfiguration section */
		9398F5C0846F4CA6BE979DC4 /* Release */ = {
			isa = XCBuildConfiguration;
			buildSettings = {
				ASSETCATALOG_COMPILER_APPICON_NAME = AppIcon;
				COMBINE_HIDPI_IMAGES = YES;
				INFOPLIST_FILE = "Supporting files/Info.plist";
				LD_RUNPATH_SEARCH_PATHS = "$(inherited) @executable_path/../Frameworks";
				PRODUCT_BUNDLE_IDENTIFIER = com.widerwille.QuickLookTest;
				PRODUCT_NAME = "$(TARGET_NAME)";
			};
			name = Release;
		};
		9398F790036D5AB6AA218C80 /* Debug */ = {
			isa = XCBuildConfiguration;
			buildSettings = {
				ALWAYS_SEARCH_USER_PATHS = NO;
				CLANG_CXX_LANGUAGE_STANDARD = "gnu++0x";
				CLANG_CXX_LIBRARY = "libc++";
				CLANG_ENABLE_MODULES = YES;
				CLANG_ENABLE_OBJC_ARC = YES;
				CLANG_WARN_BOOL_CONVERSION = YES;
				CLANG_WARN_CONSTANT_CONVERSION = YES;
				CLANG_WARN_DIRECT_OBJC_ISA_USAGE = YES_ERROR;
				CLANG_WARN_EMPTY_BODY = YES;
				CLANG_WARN_ENUM_CONVERSION = YES;
				CLANG_WARN_INT_CONVERSION = YES;
				CLANG_WARN_OBJC_ROOT_CLASS = YES_ERROR;
				CLANG_WARN_UNREACHABLE_CODE = YES;
				CLANG_WARN__DUPLICATE_METHOD_MATCH = YES;
				CODE_SIGN_IDENTITY = "-";
				COPY_PHASE_STRIP = NO;
				DEBUG_INFORMATION_FORMAT = dwarf;
				ENABLE_STRICT_OBJC_MSGSEND = YES;
				ENABLE_TESTABILITY = YES;
				GCC_C_LANGUAGE_STANDARD = gnu99;
				GCC_DYNAMIC_NO_PIC = NO;
				GCC_NO_COMMON_BLOCKS = YES;
				GCC_OPTIMIZATION_LEVEL = 0;
				GCC_PREPROCESSOR_DEFINITIONS = (
					"DEBUG=1",
					"$(inherited)",
				);
				GCC_WARN_64_TO_32_BIT_CONVERSION = YES;
				GCC_WARN_ABOUT_RETURN_TYPE = YES_ERROR;
				GCC_WARN_UNDECLARED_SELECTOR = YES;
				GCC_WARN_UNINITIALIZED_AUTOS = YES_AGGRESSIVE;
				GCC_WARN_UNUSED_FUNCTION = YES;
				GCC_WARN_UNUSED_VARIABLE = YES;
				MACOSX_DEPLOYMENT_TARGET = 10.11;
				MTL_ENABLE_DEBUG_INFO = YES;
				ONLY_ACTIVE_ARCH = YES;
				SDKROOT = macosx;
			};
			name = Debug;
		};
		9398F7B474293AD34BF67335 /* Release */ = {
			isa = XCBuildConfiguration;
			buildSettings = {
				ALWAYS_SEARCH_USER_PATHS = NO;
				CLANG_CXX_LANGUAGE_STANDARD = "gnu++0x";
				CLANG_CXX_LIBRARY = "libc++";
				CLANG_ENABLE_MODULES = YES;
				CLANG_ENABLE_OBJC_ARC = YES;
				CLANG_WARN_BOOL_CONVERSION = YES;
				CLANG_WARN_CONSTANT_CONVERSION = YES;
				CLANG_WARN_DIRECT_OBJC_ISA_USAGE = YES_ERROR;
				CLANG_WARN_EMPTY_BODY = YES;
				CLANG_WARN_ENUM_CONVERSION = YES;
				CLANG_WARN_INT_CONVERSION = YES;
				CLANG_WARN_OBJC_ROOT_CLASS = YES_ERROR;
				CLANG_WARN_UNREACHABLE_CODE = YES;
				CLANG_WARN__DUPLICATE_METHOD_MATCH = YES;
				CODE_SIGN_IDENTITY = "-";
				COPY_PHASE_STRIP = NO;
				DEBUG_INFORMATION_FORMAT = "dwarf-with-dsym";
				ENABLE_NS_ASSERTIONS = NO;
				ENABLE_STRICT_OBJC_MSGSEND = YES;
				GCC_C_LANGUAGE_STANDARD = gnu99;
				GCC_NO_COMMON_BLOCKS = YES;
				GCC_WARN_64_TO_32_BIT_CONVERSION = YES;
				GCC_WARN_ABOUT_RETURN_TYPE = YES_ERROR;
				GCC_WARN_UNDECLARED_SELECTOR = YES;
				GCC_WARN_UNINITIALIZED_AUTOS = YES_AGGRESSIVE;
				GCC_WARN_UNUSED_FUNCTION = YES;
				GCC_WARN_UNUSED_VARIABLE = YES;
				MACOSX_DEPLOYMENT_TARGET = 10.11;
				MTL_ENABLE_DEBUG_INFO = NO;
				SDKROOT = macosx;
			};
			name = Release;
		};
		9398F9230BD1003E2745BD7E /* Debug */ = {
			isa = XCBuildConfiguration;
			buildSettings = {
				ASSETCATALOG_COMPILER_APPICON_NAME = AppIcon;
				COMBINE_HIDPI_IMAGES = YES;
				INFOPLIST_FILE = "Supporting files/Info.plist";
				LD_RUNPATH_SEARCH_PATHS = "$(inherited) @executable_path/../Frameworks";
				PRODUCT_BUNDLE_IDENTIFIER = com.widerwille.QuickLookTest;
				PRODUCT_NAME = "$(TARGET_NAME)";
			};
			name = Debug;
		};
/* End XCBuildConfiguration section */

/* Begin XCConfigurationList section */
		9398F449CB0E2DBD463B168A /* Build configuration list for PBXProject "QuickLookTest" */ = {
			isa = XCConfigurationList;
			buildConfigurations = (
				9398F790036D5AB6AA218C80 /* Debug */,
				9398F7B474293AD34BF67335 /* Release */,
			);
			defaultConfigurationIsVisible = 0;
			defaultConfigurationName = Release;
		};
		9398F7FB4A3AD923A8B82787 /* Build configuration list for PBXNativeTarget "QuickLookTest" */ = {
			isa = XCConfigurationList;
			buildConfigurations = (
				9398F9230BD1003E2745BD7E /* Debug */,
				9398F5C0846F4CA6BE979DC4 /* Release */,
			);
			defaultConfigurationIsVisible = 0;
			defaultConfigurationName = Release;
		};
/* End XCConfigurationList section */
	};
	rootObject = 9398FE742235113643E1AB17 /* Project object */;
}
